{
  "name": "localenv-guard",
  "version": "0.1.0",
  "lockfileVersion": 3,
  "requires": true,
  "packages": {
    "": {
      "name": "localenv-guard",
      "version": "0.1.0",
      "license": "MIT",
      "bin": {
        "leg": "bin/leg.js"
      },
      "engines": {
        "node": ">=18.18"
      }
    }
  }
}
